
Microsoft Visual Studio Solution File, Format Version 12.00
# Visual Studio 15
VisualStudioVersion = 15.0.33801.198
MinimumVisualStudioVersion = 10.0.40219.1
Project("{FAE04EC0-301F-11D3-BF4B-00C04F79EFBC}") = "XGame.Domain", "XGame.Domain\XGame.Domain.csproj", "{171C4512-50C1-40CA-BFC1-2EC753EFBCFF}"
EndProject
Project("{FAE04EC0-301F-11D3-BF4B-00C04F79EFBC}") = "XGame.AppConsole", "XGame.AppConsole\XGame.AppConsole.csproj", "{3D588E20-5C3E-4738-8BA8-CAF487F18EED}"
EndProject
Global
	GlobalSection(SolutionConfigurationPlatforms) = preSolution
		Debug|Any CPU = Debug|Any CPU
		Release|Any CPU = Release|Any CPU
	EndGlobalSection
	GlobalSection(ProjectConfigurationPlatforms) = postSolution
		{171C4512-50C1-40CA-BFC1-2EC753EFBCFF}.Debug|Any CPU.ActiveCfg = Debug|Any CPU
		{171C4512-50C1-40CA-BFC1-2EC753EFBCFF}.Debug|Any CPU.Build.0 = Debug|Any CPU
		{171C4512-50C1-40CA-BFC1-2EC753EFBCFF}.Release|Any CPU.ActiveCfg = Release|Any CPU
		{171C4512-50C1-40CA-BFC1-2EC753EFBCFF}.Release|Any CPU.Build.0 = Release|Any CPU
		{3D588E20-5C3E-4738-8BA8-CAF487F18EED}.Debug|Any CPU.ActiveCfg = Debug|Any CPU
		{3D588E20-5C3E-4738-8BA8-CAF487F18EED}.Debug|Any CPU.Build.0 = Debug|Any CPU
		{3D588E20-5C3E-4738-8BA8-CAF487F18EED}.Release|Any CPU.ActiveCfg = Release|Any CPU
		{3D588E20-5C3E-4738-8BA8-CAF487F18EED}.Release|Any CPU.Build.0 = Release|Any CPU
	EndGlobalSection
	GlobalSection(SolutionProperties) = preSolution
		HideSolutionNode = FALSE
	EndGlobalSection
	GlobalSection(ExtensibilityGlobals) = postSolution
		SolutionGuid = {EF2393A5-491C-4963-BB7E-54AA1099EE9F}
	EndGlobalSection
EndGlobal
